// !$*UTF8*$!
{
	archiveVersion = 1;
	classes = {
	};
	objectVersion = 46;
	objects = {

/* Begin PBXBuildFile section */
		DFBA419A1943AE6600DC8352 /* AppDelegate.swift in Sources */ = {isa = PBXBuildFile; fileRef = DFBA41991943AE6600DC8352 /* AppDelegate.swift */; };
		DFBA419C1943AE6600DC8352 /* Images.xcassets in Resources */ = {isa = PBXBuildFile; fileRef = DFBA419B1943AE6600DC8352 /* Images.xcassets */; };
		DFBA41A81943AE6600DC8352 /* TableViewsTests.swift in Sources */ = {isa = PBXBuildFile; fileRef = DFBA41A71943AE6600DC8352 /* TableViewsTests.swift */; };
		DFBA41DD1943AEB900DC8352 /* Storyboard.storyboard in Resources */ = {isa = PBXBuildFile; fileRef = DFBA41DC1943AEB900DC8352 /* Storyboard.storyboard */; };
		DFBA41DF1943AED200DC8352 /* ViewController.swift in Sources */ = {isa = PBXBuildFile; fileRef = DFBA41DE1943AED200DC8352 /* ViewController.swift */; };
/* End PBXBuildFile section */

/* Begin PBXContainerItemProxy section */
		DFBA41A21943AE6600DC8352 /* PBXContainerItemProxy */ = {
			isa = PBXContainerItemProxy;
			containerPortal = DFBA418C1943AE6600DC8352 /* Project object */;
			proxyType = 1;
			remoteGlobalIDString = DFBA41931943AE6600DC8352;
			remoteInfo = TableViews;
		};
/* End PBXContainerItemProxy section */

/* Begin PBXFileReference section */
		DFBA41941943AE6600DC8352 /* TableViews.app */ = {isa = PBXFileReference; explicitFileType = wrapper.application; includeInIndex = 0; path = TableViews.app; sourceTree = BUILT_PRODUCTS_DIR; };
		DFBA41981943AE6600DC8352 /* Info.plist */ = {isa = PBXFileReference; lastKnownFileType = text.plist.xml; path = Info.plist; sourceTree = "<group>"; };
		DFBA41991943AE6600DC8352 /* AppDelegate.swift */ = {isa = PBXFileReference; lastKnownFileType = sourcecode.swift; path = AppDelegate.swift; sourceTree = "<group>"; };
		DFBA419B1943AE6600DC8352 /* Images.xcassets */ = {isa = PBXFileReference; lastKnownFileType = folder.assetcatalog; path = Images.xcassets; sourceTree = "<group>"; };
		DFBA41A11943AE6600DC8352 /* TableViewsTests.xctest */ = {isa = PBXFileReference; explicitFileType = wrapper.cfbundle; includeInIndex = 0; path = TableViewsTests.xctest; sourceTree = BUILT_PRODUCTS_DIR; };
		DFBA41A61943AE6600DC8352 /* Info.plist */ = {isa = PBXFileReference; lastKnownFileType = text.plist.xml; path = Info.plist; sourceTree = "<group>"; };
		DFBA41A71943AE6600DC8352 /* TableViewsTests.swift */ = {isa = PBXFileReference; lastKnownFileType = sourcecode.swift; path = TableViewsTests.swift; sourceTree = "<group>"; };
		DFBA41DC1943AEB900DC8352 /* Storyboard.storyboard */ = {isa = PBXFileReference; fileEncoding = 4; lastKnownFileType = file.storyboard; path = Storyboard.storyboard; sourceTree = "<group>"; };
		DFBA41DE1943AED200DC8352 /* ViewController.swift */ = {isa = PBXFileReference; fileEncoding = 4; lastKnownFileType = sourcecode.swift; path = ViewController.swift; sourceTree = "<group>"; };
/* End PBXFileReference section */

/* Begin PBXFrameworksBuildPhase section */
		DFBA41911943AE6600DC8352 /* Frameworks */ = {
			isa = PBXFrameworksBuildPhase;
			buildActionMask = 2147483647;
			files = (
			);
			runOnlyForDeploymentPostprocessing = 0;
		};
		DFBA419E1943AE6600DC8352 /* Frameworks */ = {
			isa = PBXFrameworksBuildPhase;
			buildActionMask = 2147483647;
			files = (
			);
			runOnlyForDeploymentPostprocessing = 0;
		};
/* End PBXFrameworksBuildPhase section */

/* Begin PBXGroup section */
		DFBA418B1943AE6600DC8352 = {
			isa = PBXGroup;
			children = (
				DFBA41961943AE6600DC8352 /* TableViews */,
				DFBA41A41943AE6600DC8352 /* TableViewsTests */,
				DFBA41951943AE6600DC8352 /* Products */,
			);
			sourceTree = "<group>";
		};
		DFBA41951943AE6600DC8352 /* Products */ = {
			isa = PBXGroup;
			children = (
				DFBA41941943AE6600DC8352 /* TableViews.app */,
				DFBA41A11943AE6600DC8352 /* TableViewsTests.xctest */,
			);
			name = Products;
			sourceTree = "<group>";
		};
		DFBA41961943AE6600DC8352 /* TableViews */ = {
			isa = PBXGroup;
			children = (
				DFBA41991943AE6600DC8352 /* AppDelegate.swift */,
				DFBA419B1943AE6600DC8352 /* Images.xcassets */,
				DFBA41971943AE6600DC8352 /* Supporting Files */,
				DFBA41DC1943AEB900DC8352 /* Storyboard.storyboard */,
				DFBA41DE1943AED200DC8352 /* ViewController.swift */,
			);
			path = TableViews;
			sourceTree = "<group>";
		};
		DFBA41971943AE6600DC8352 /* Supporting Files */ = {
			isa = PBXGroup;
			children = (
				DFBA41981943AE6600DC8352 /* Info.plist */,
			);
			name = "Supporting Files";
			sourceTree = "<group>";
		};
		DFBA41A41943AE6600DC8352 /* TableViewsTests */ = {
			isa = PBXGroup;
			children = (
				DFBA41A71943AE6600DC8352 /* TableViewsTests.swift */,
				DFBA41A51943AE6600DC8352 /* Supporting Files */,
			);
			path = TableViewsTests;
			sourceTree = "<group>";
		};
		DFBA41A51943AE6600DC8352 /* Supporting Files */ = {
			isa = PBXGroup;
			children = (
				DFBA41A61943AE6600DC8352 /* Info.plist */,
			);
			name = "Supporting Files";
			sourceTree = "<group>";
		};
/* End PBXGroup section */

/* Begin PBXNativeTarget section */
		DFBA41931943AE6600DC8352 /* TableViews */ = {
			isa = PBXNativeTarget;
			buildConfigurationList = DFBA41AB1943AE6600DC8352 /* Build configuration list for PBXNativeTarget "TableViews" */;
			buildPhases = (
				DFBA41901943AE6600DC8352 /* Sources */,
				DFBA41911943AE6600DC8352 /* Frameworks */,
				DFBA41921943AE6600DC8352 /* Resources */,
			);
			buildRules = (
			);
			dependencies = (
			);
			name = TableViews;
			productName = TableViews;
			productReference = DFBA41941943AE6600DC8352 /* TableViews.app */;
			productType = "com.apple.product-type.application";
		};
		DFBA41A01943AE6600DC8352 /* TableViewsTests */ = {
			isa = PBXNativeTarget;
			buildConfigurationList = DFBA41AE1943AE6600DC8352 /* Build configuration list for PBXNativeTarget "TableViewsTests" */;
			buildPhases = (
				DFBA419D1943AE6600DC8352 /* Sources */,
				DFBA419E1943AE6600DC8352 /* Frameworks */,
				DFBA419F1943AE6600DC8352 /* Resources */,
			);
			buildRules = (
			);
			dependencies = (
				DFBA41A31943AE6600DC8352 /* PBXTargetDependency */,
			);
			name = TableViewsTests;
			productName = TableViewsTests;
			productReference = DFBA41A11943AE6600DC8352 /* TableViewsTests.xctest */;
			productType = "com.apple.product-type.bundle.unit-test";
		};
/* End PBXNativeTarget section */

/* Begin PBXProject section */
		DFBA418C1943AE6600DC8352 /* Project object */ = {
			isa = PBXProject;
			attributes = {
				LastUpgradeCheck = 0600;
				ORGANIZATIONNAME = TheSwiftLangBlog;
				TargetAttributes = {
					DFBA41931943AE6600DC8352 = {
						CreatedOnToolsVersion = 6.0;
					};
					DFBA41A01943AE6600DC8352 = {
						CreatedOnToolsVersion = 6.0;
						TestTargetID = DFBA41931943AE6600DC8352;
					};
				};
			};
			buildConfigurationList = DFBA418F1943AE6600DC8352 /* Build configuration list for PBXProject "TableViews" */;
			compatibilityVersion = "Xcode 3.2";
			developmentRegion = English;
			hasScannedForEncodings = 0;
			knownRegions = (
				en,
			);
			mainGroup = DFBA418B1943AE6600DC8352;
			productRefGroup = DFBA41951943AE6600DC8352 /* Products */;
			projectDirPath = "";
			projectRoot = "";
			targets = (
				DFBA41931943AE6600DC8352 /* TableViews */,
				DFBA41A01943AE6600DC8352 /* TableViewsTests */,
			);
		};
/* End PBXProject section */

/* Begin PBXResourcesBuildPhase section */
		DFBA41921943AE6600DC8352 /* Resources */ = {
			isa = PBXResourcesBuildPhase;
			buildActionMask = 2147483647;
			files = (
				DFBA419C1943AE6600DC8352 /* Images.xcassets in Resources */,
				DFBA41DD1943AEB900DC8352 /* Storyboard.storyboard in Resources */,
			);
			runOnlyForDeploymentPostprocessing = 0;
		};
		DFBA419F1943AE6600DC8352 /* Resources */ = {
			isa = PBXResourcesBuildPhase;
			buildActionMask = 2147483647;
			files = (
			);
			runOnlyForDeploymentPostprocessing = 0;
		};
/* End PBXResourcesBuildPhase section */

/* Begin PBXSourcesBuildPhase section */
		DFBA41901943AE6600DC8352 /* Sources */ = {
			isa = PBXSourcesBuildPhase;
			buildActionMask = 2147483647;
			files = (
				DFBA41DF1943AED200DC8352 /* ViewController.swift in Sources */,
				DFBA419A1943AE6600DC8352 /* AppDelegate.swift in Sources */,
			);
			runOnlyForDeploymentPostprocessing = 0;
		};
		DFBA419D1943AE6600DC8352 /* Sources */ = {
			isa = PBXSourcesBuildPhase;
			buildActionMask = 2147483647;
			files = (
				DFBA41A81943AE6600DC8352 /* TableViewsTests.swift in Sources */,
			);
			runOnlyForDeploymentPostprocessing = 0;
		};
/* End PBXSourcesBuildPhase section */

/* Begin PBXTargetDependency section */
		DFBA41A31943AE6600DC8352 /* PBXTargetDependency */ = {
			isa = PBXTargetDependency;
			target = DFBA41931943AE6600DC8352 /* TableViews */;
			targetProxy = DFBA41A21943AE6600DC8352 /* PBXContainerItemProxy */;
		};
/* End PBXTargetDependency section */

/* Begin XCBuildConfiguration section */
		DFBA41A91943AE6600DC8352 /* Debug */ = {
			isa = XCBuildConfiguration;
			buildSettings = {
				ALWAYS_SEARCH_USER_PATHS = NO;
				CLANG_CXX_LANGUAGE_STANDARD = "gnu++0x";
				CLANG_CXX_LIBRARY = "libc++";
				CLANG_ENABLE_MODULES = YES;
				CLANG_ENABLE_OBJC_ARC = YES;
				CLANG_WARN_BOOL_CONVERSION = YES;
				CLANG_WARN_CONSTANT_CONVERSION = YES;
				CLANG_WARN_DIRECT_OBJC_ISA_USAGE = YES_ERROR;
				CLANG_WARN_EMPTY_BODY = YES;
				CLANG_WARN_ENUM_CONVERSION = YES;
				CLANG_WARN_INT_CONVERSION = YES;
				CLANG_WARN_OBJC_ROOT_CLASS = YES_ERROR;
				CLANG_WARN_UNREACHABLE_CODE = YES;
				CLANG_WARN__DUPLICATE_METHOD_MATCH = YES;
				"CODE_SIGN_IDENTITY[sdk=iphoneos*]" = "iPhone Developer";
				COPY_PHASE_STRIP = NO;
				ENABLE_STRICT_OBJC_MSGSEND = YES;
				GCC_C_LANGUAGE_STANDARD = gnu99;
				GCC_DYNAMIC_NO_PIC = NO;
				GCC_OPTIMIZATION_LEVEL = 0;
				GCC_PREPROCESSOR_DEFINITIONS = (
					"DEBUG=1",
					"$(inherited)",
				);
				GCC_SYMBOLS_PRIVATE_EXTERN = NO;
				GCC_WARN_64_TO_32_BIT_CONVERSION = YES;
				GCC_WARN_ABOUT_RETURN_TYPE = YES_ERROR;
				GCC_WARN_UNDECLARED_SELECTOR = YES;
				GCC_WARN_UNINITIALIZED_AUTOS = YES_AGGRESSIVE;
				GCC_WARN_UNUSED_FUNCTION = YES;
				GCC_WARN_UNUSED_VARIABLE = YES;
				IPHONEOS_DEPLOYMENT_TARGET = 8.0;
				METAL_ENABLE_DEBUG_INFO = YES;
				ONLY_ACTIVE_ARCH = YES;
				SDKROOT = iphoneos;
				SWIFT_OPTIMIZATION_LEVEL = "-Onone";
			};
			name = Debug;
		};
		DFBA41AA1943AE6600DC8352 /* Release */ = {
			isa = XCBuildConfiguration;
			buildSettings = {
				ALWAYS_SEARCH_USER_PATHS = NO;
				CLANG_CXX_LANGUAGE_STANDARD = "gnu++0x";
				CLANG_CXX_LIBRARY = "libc++";
				CLANG_ENABLE_MODULES = YES;
				CLANG_ENABLE_OBJC_ARC = YES;
				CLANG_WARN_BOOL_CONVERSION = YES;
				CLANG_WARN_CONSTANT_CONVERSION = YES;
				CLANG_WARN_DIRECT_OBJC_ISA_USAGE = YES_ERROR;
				CLANG_WARN_EMPTY_BODY = YES;
				CLANG_WARN_ENUM_CONVERSION = YES;
				CLANG_WARN_INT_CONVERSION = YES;
				CLANG_WARN_OBJC_ROOT_CLASS = YES_ERROR;
				CLANG_WARN_UNREACHABLE_CODE = YES;
				CLANG_WARN__DUPLICATE_METHOD_MATCH = YES;
				"CODE_SIGN_IDENTITY[sdk=iphoneos*]" = "iPhone Developer";
				COPY_PHASE_STRIP = YES;
				ENABLE_NS_ASSERTIONS = NO;
				ENABLE_STRICT_OBJC_MSGSEND = YES;
				GCC_C_LANGUAGE_STANDARD = gnu99;
				GCC_WARN_64_TO_32_BIT_CONVERSION = YES;
				GCC_WARN_ABOUT_RETURN_TYPE = YES_ERROR;
				GCC_WARN_UNDECLARED_SELECTOR = YES;
				GCC_WARN_UNINITIALIZED_AUTOS = YES_AGGRESSIVE;
				GCC_WARN_UNUSED_FUNCTION = YES;
				GCC_WARN_UNUSED_VARIABLE = YES;
				IPHONEOS_DEPLOYMENT_TARGET = 8.0;
				METAL_ENABLE_DEBUG_INFO = NO;
				SDKROOT = iphoneos;
				VALIDATE_PRODUCT = YES;
			};
			name = Release;
		};
		DFBA41AC1943AE6600DC8352 /* Debug */ = {
			isa = XCBuildConfiguration;
			buildSettings = {
				ASSETCATALOG_COMPILER_APPICON_NAME = AppIcon;
				ASSETCATALOG_COMPILER_LAUNCHIMAGE_NAME = LaunchImage;
				INFOPLIST_FILE = TableViews/Info.plist;
				LD_RUNPATH_SEARCH_PATHS = "$(inherited) @executable_path/Frameworks";
				PRODUCT_NAME = "$(TARGET_NAME)";
			};
			name = Debug;
		};
		DFBA41AD1943AE6600DC8352 /* Release */ = {
			isa = XCBuildConfiguration;
			buildSettings = {
				ASSETCATALOG_COMPILER_APPICON_NAME = AppIcon;
				ASSETCATALOG_COMPILER_LAUNCHIMAGE_NAME = LaunchImage;
				INFOPLIST_FILE = TableViews/Info.plist;
				LD_RUNPATH_SEARCH_PATHS = "$(inherited) @executable_path/Frameworks";
				PRODUCT_NAME = "$(TARGET_NAME)";
			};
			name = Release;
		};
		DFBA41AF1943AE6600DC8352 /* Debug */ = {
			isa = XCBuildConfiguration;
			buildSettings = {
				BUNDLE_LOADER = "$(BUILT_PRODUCTS_DIR)/TableViews.app/TableViews";
				FRAMEWORK_SEARCH_PATHS = (
					"$(SDKROOT)/Developer/Library/Frameworks",
					"$(inherited)",
				);
				GCC_PREPROCESSOR_DEFINITIONS = (
					"DEBUG=1",
					"$(inherited)",
				);
				INFOPLIST_FILE = TableViewsTests/Info.plist;
				LD_RUNPATH_SEARCH_PATHS = "$(inherited) @executable_path/Frameworks @loader_path/Frameworks";
				METAL_ENABLE_DEBUG_INFO = YES;
				PRODUCT_NAME = "$(TARGET_NAME)";
				TEST_HOST = "$(BUNDLE_LOADER)";
			};
			name = Debug;
		};
		DFBA41B01943AE6600DC8352 /* Release */ = {
			isa = XCBuildConfiguration;
			buildSettings = {
				BUNDLE_LOADER = "$(BUILT_PRODUCTS_DIR)/TableViews.app/TableViews";
				FRAMEWORK_SEARCH_PATHS = (
					"$(SDKROOT)/Developer/Library/Frameworks",
					"$(inherited)",
				);
				INFOPLIST_FILE = TableViewsTests/Info.plist;
				LD_RUNPATH_SEARCH_PATHS = "$(inherited) @executable_path/Frameworks @loader_path/Frameworks";
				METAL_ENABLE_DEBUG_INFO = NO;
				PRODUCT_NAME = "$(TARGET_NAME)";
				TEST_HOST = "$(BUNDLE_LOADER)";
			};
			name = Release;
		};
/* End XCBuildConfiguration section */

/* Begin XCConfigurationList section */
		DFBA418F1943AE6600DC8352 /* Build configuration list for PBXProject "TableViews" */ = {
			isa = XCConfigurationList;
			buildConfigurations = (
				DFBA41A91943AE6600DC8352 /* Debug */,
				DFBA41AA1943AE6600DC8352 /* Release */,
			);
			defaultConfigurationIsVisible = 0;
			defaultConfigurationName = Release;
		};
		DFBA41AB1943AE6600DC8352 /* Build configuration list for PBXNativeTarget "TableViews" */ = {
			isa = XCConfigurationList;
			buildConfigurations = (
				DFBA41AC1943AE6600DC8352 /* Debug */,
				DFBA41AD1943AE6600DC8352 /* Release */,
			);
			defaultConfigurationIsVisible = 0;
			defaultConfigurationName = Release;
		};
		DFBA41AE1943AE6600DC8352 /* Build configuration list for PBXNativeTarget "TableViewsTests" */ = {
			isa = XCConfigurationList;
			buildConfigurations = (
				DFBA41AF1943AE6600DC8352 /* Debug */,
				DFBA41B01943AE6600DC8352 /* Release */,
			);
			defaultConfigurationIsVisible = 0;
			defaultConfigurationName = Release;
		};
/* End XCConfigurationList section */
	};
	rootObject = DFBA418C1943AE6600DC8352 /* Project object */;
}
